
Microsoft Visual Studio Solution File, Format Version 12.00
# Visual Studio 15
VisualStudioVersion = 15.0.27428.2015
MinimumVisualStudioVersion = 10.0.40219.1
Project("{9A19103F-16F7-4668-BE54-9A1E7A4F7556}") = "ExportXlsx", "ExportXlsx\ExportXlsx.csproj", "{9E59625C-82DF-4B6F-935C-9E0849872580}"
EndProject
Project("{9A19103F-16F7-4668-BE54-9A1E7A4F7556}") = "Copy", "Copy\Copy.csproj", "{93AD2BF9-D174-41D5-ADE2-E5E3EACBFBBF}"
EndProject
Project("{9A19103F-16F7-4668-BE54-9A1E7A4F7556}") = "Remove", "Remove\Remove.csproj", "{D0672954-E535-4BFC-877B-DDA4BE75865C}"
EndProject
Project("{9A19103F-16F7-4668-BE54-9A1E7A4F7556}") = "ExportKey", "ExportKey\ExportKey.csproj", "{53EA7864-A70B-4119-88B0-F1570AAA0D36}"
EndProject
Project("{FAE04EC0-301F-11D3-BF4B-00C04F79EFBC}") = "ReplaceFileExtensions", "ReplaceFileExtensions\ReplaceFileExtensions.csproj", "{88FDD5D3-E558-4A53-9EBB-D4B793FCCE60}"
EndProject
Project("{FAE04EC0-301F-11D3-BF4B-00C04F79EFBC}") = "AS3-To-TS", "AS3-To-TS\AS3-To-TS.csproj", "{EFAF3555-39B2-462C-82C5-54BF0E3B69F1}"
EndProject
Global
	GlobalSection(SolutionConfigurationPlatforms) = preSolution
		Debug|Any CPU = Debug|Any CPU
		Release|Any CPU = Release|Any CPU
	EndGlobalSection
	GlobalSection(ProjectConfigurationPlatforms) = postSolution
		{9E59625C-82DF-4B6F-935C-9E0849872580}.Debug|Any CPU.ActiveCfg = Debug|Any CPU
		{9E59625C-82DF-4B6F-935C-9E0849872580}.Debug|Any CPU.Build.0 = Debug|Any CPU
		{9E59625C-82DF-4B6F-935C-9E0849872580}.Release|Any CPU.ActiveCfg = Release|Any CPU
		{9E59625C-82DF-4B6F-935C-9E0849872580}.Release|Any CPU.Build.0 = Release|Any CPU
		{93AD2BF9-D174-41D5-ADE2-E5E3EACBFBBF}.Debug|Any CPU.ActiveCfg = Debug|Any CPU
		{93AD2BF9-D174-41D5-ADE2-E5E3EACBFBBF}.Debug|Any CPU.Build.0 = Debug|Any CPU
		{93AD2BF9-D174-41D5-ADE2-E5E3EACBFBBF}.Release|Any CPU.ActiveCfg = Release|Any CPU
		{93AD2BF9-D174-41D5-ADE2-E5E3EACBFBBF}.Release|Any CPU.Build.0 = Release|Any CPU
		{D0672954-E535-4BFC-877B-DDA4BE75865C}.Debug|Any CPU.ActiveCfg = Debug|Any CPU
		{D0672954-E535-4BFC-877B-DDA4BE75865C}.Debug|Any CPU.Build.0 = Debug|Any CPU
		{D0672954-E535-4BFC-877B-DDA4BE75865C}.Release|Any CPU.ActiveCfg = Release|Any CPU
		{D0672954-E535-4BFC-877B-DDA4BE75865C}.Release|Any CPU.Build.0 = Release|Any CPU
		{53EA7864-A70B-4119-88B0-F1570AAA0D36}.Debug|Any CPU.ActiveCfg = Debug|Any CPU
		{53EA7864-A70B-4119-88B0-F1570AAA0D36}.Debug|Any CPU.Build.0 = Debug|Any CPU
		{53EA7864-A70B-4119-88B0-F1570AAA0D36}.Release|Any CPU.ActiveCfg = Release|Any CPU
		{53EA7864-A70B-4119-88B0-F1570AAA0D36}.Release|Any CPU.Build.0 = Release|Any CPU
		{88FDD5D3-E558-4A53-9EBB-D4B793FCCE60}.Debug|Any CPU.ActiveCfg = Debug|Any CPU
		{88FDD5D3-E558-4A53-9EBB-D4B793FCCE60}.Debug|Any CPU.Build.0 = Debug|Any CPU
		{88FDD5D3-E558-4A53-9EBB-D4B793FCCE60}.Release|Any CPU.ActiveCfg = Release|Any CPU
		{88FDD5D3-E558-4A53-9EBB-D4B793FCCE60}.Release|Any CPU.Build.0 = Release|Any CPU
		{EFAF3555-39B2-462C-82C5-54BF0E3B69F1}.Debug|Any CPU.ActiveCfg = Debug|Any CPU
		{EFAF3555-39B2-462C-82C5-54BF0E3B69F1}.Debug|Any CPU.Build.0 = Debug|Any CPU
		{EFAF3555-39B2-462C-82C5-54BF0E3B69F1}.Release|Any CPU.ActiveCfg = Release|Any CPU
		{EFAF3555-39B2-462C-82C5-54BF0E3B69F1}.Release|Any CPU.Build.0 = Release|Any CPU
	EndGlobalSection
	GlobalSection(SolutionProperties) = preSolution
		HideSolutionNode = FALSE
	EndGlobalSection
	GlobalSection(ExtensibilityGlobals) = postSolution
		SolutionGuid = {A55B73D3-1480-4359-AE6B-A2348B005F57}
	EndGlobalSection
EndGlobal
